// !$*UTF8*$!
{
	archiveVersion = 1;
	classes = {
	};
	objectVersion = 56;
	objects = {

/* Begin PBXBuildFile section */
		270339832ADEB5F2009655E3 /* LeaguesViewController.swift in Sources */ = {isa = PBXBuildFile; fileRef = 270339812ADEB5F2009655E3 /* LeaguesViewController.swift */; };
		270339842ADEB5F2009655E3 /* LeaguesViewController.xib in Resources */ = {isa = PBXBuildFile; fileRef = 270339822ADEB5F2009655E3 /* LeaguesViewController.xib */; };
		271EC3B62ADDBB450029B86C /* AppDelegate.swift in Sources */ = {isa = PBXBuildFile; fileRef = 271EC3B52ADDBB450029B86C /* AppDelegate.swift */; };
		271EC3B82ADDBB450029B86C /* SceneDelegate.swift in Sources */ = {isa = PBXBuildFile; fileRef = 271EC3B72ADDBB450029B86C /* SceneDelegate.swift */; };
		271EC3C02ADDBB450029B86C /* Football_Leagues.xcdatamodeld in Sources */ = {isa = PBXBuildFile; fileRef = 271EC3BE2ADDBB450029B86C /* Football_Leagues.xcdatamodeld */; };
		271EC3C22ADDBB460029B86C /* Assets.xcassets in Resources */ = {isa = PBXBuildFile; fileRef = 271EC3C12ADDBB460029B86C /* Assets.xcassets */; };
		271EC3F32ADDBFAD0029B86C /* AppCoordinator.swift in Sources */ = {isa = PBXBuildFile; fileRef = 271EC3F22ADDBFAD0029B86C /* AppCoordinator.swift */; };
		271EC4162ADDF9A30029B86C /* LeaguesUsecase.swift in Sources */ = {isa = PBXBuildFile; fileRef = 271EC4152ADDF9A30029B86C /* LeaguesUsecase.swift */; };
		271EC4182ADDFE3C0029B86C /* APIClient.swift in Sources */ = {isa = PBXBuildFile; fileRef = 271EC4172ADDFE3C0029B86C /* APIClient.swift */; };
		271EC41A2ADDFED00029B86C /* EndPoint.swift in Sources */ = {isa = PBXBuildFile; fileRef = 271EC4192ADDFED00029B86C /* EndPoint.swift */; };
		271EC41C2ADDFF630029B86C /* HTTPMethods.swift in Sources */ = {isa = PBXBuildFile; fileRef = 271EC41B2ADDFF630029B86C /* HTTPMethods.swift */; };
		271EC41E2ADDFFAD0029B86C /* ParameterEncoding.swift in Sources */ = {isa = PBXBuildFile; fileRef = 271EC41D2ADDFFAD0029B86C /* ParameterEncoding.swift */; };
		271EC4202ADE01380029B86C /* NetworkError.swift in Sources */ = {isa = PBXBuildFile; fileRef = 271EC41F2ADE01380029B86C /* NetworkError.swift */; };
		271EC4242ADE02210029B86C /* LeaguesEndPoints.swift in Sources */ = {isa = PBXBuildFile; fileRef = 271EC4232ADE02210029B86C /* LeaguesEndPoints.swift */; };
		271EC4262ADE04D00029B86C /* AppConfiguration.swift in Sources */ = {isa = PBXBuildFile; fileRef = 271EC4252ADE04D00029B86C /* AppConfiguration.swift */; };
		271EC42D2ADE8AF50029B86C /* RepositoryInterface.swift in Sources */ = {isa = PBXBuildFile; fileRef = 271EC42C2ADE8AF50029B86C /* RepositoryInterface.swift */; };
		271EC4312ADE8E0E0029B86C /* LeaguesDataModel.swift in Sources */ = {isa = PBXBuildFile; fileRef = 271EC4302ADE8E0E0029B86C /* LeaguesDataModel.swift */; };
		271EC4332ADE92510029B86C /* AppRepository.swift in Sources */ = {isa = PBXBuildFile; fileRef = 271EC4322ADE92510029B86C /* AppRepository.swift */; };
		271EC4352ADE94490029B86C /* LocalRepository.swift in Sources */ = {isa = PBXBuildFile; fileRef = 271EC4342ADE94490029B86C /* LocalRepository.swift */; };
		271EC4372ADE94620029B86C /* RemoteRepository.swift in Sources */ = {isa = PBXBuildFile; fileRef = 271EC4362ADE94620029B86C /* RemoteRepository.swift */; };
		271EC43C2ADE9B1A0029B86C /* LeaguesRepository.swift in Sources */ = {isa = PBXBuildFile; fileRef = 271EC43B2ADE9B1A0029B86C /* LeaguesRepository.swift */; };
		271EC4412ADE9F310029B86C /* Connectivity.swift in Sources */ = {isa = PBXBuildFile; fileRef = 271EC4402ADE9F310029B86C /* Connectivity.swift */; };
		2740B25C2ADEC2E500379194 /* LeagueCell.swift in Sources */ = {isa = PBXBuildFile; fileRef = 2740B25A2ADEC2E500379194 /* LeagueCell.swift */; };
		2740B25D2ADEC2E500379194 /* LeagueCell.xib in Resources */ = {isa = PBXBuildFile; fileRef = 2740B25B2ADEC2E500379194 /* LeagueCell.xib */; };
		2740B2602ADEC34800379194 /* NibLoadable.swift in Sources */ = {isa = PBXBuildFile; fileRef = 2740B25F2ADEC34800379194 /* NibLoadable.swift */; };
		2740B2622ADEC37400379194 /* ReusableView.swift in Sources */ = {isa = PBXBuildFile; fileRef = 2740B2612ADEC37400379194 /* ReusableView.swift */; };
		2740B2642ADEEAB700379194 /* UIViewController.swift in Sources */ = {isa = PBXBuildFile; fileRef = 2740B2632ADEEAB700379194 /* UIViewController.swift */; };
		2740B2662ADEF0C800379194 /* ActivityIndicator.swift in Sources */ = {isa = PBXBuildFile; fileRef = 2740B2652ADEF0C800379194 /* ActivityIndicator.swift */; };
		2740B2692ADEF8DF00379194 /* LeaguesViewDataModel.swift in Sources */ = {isa = PBXBuildFile; fileRef = 2740B2682ADEF8DF00379194 /* LeaguesViewDataModel.swift */; };
		2740B27A2ADF557A00379194 /* TeamsDataModel.swift in Sources */ = {isa = PBXBuildFile; fileRef = 2740B2792ADF557A00379194 /* TeamsDataModel.swift */; };
		2740B27C2ADF569D00379194 /* TeamDataModel.swift in Sources */ = {isa = PBXBuildFile; fileRef = 2740B27B2ADF569D00379194 /* TeamDataModel.swift */; };
		2740B27E2ADFABEB00379194 /* CustomDomainError.swift in Sources */ = {isa = PBXBuildFile; fileRef = 2740B27D2ADFABEB00379194 /* CustomDomainError.swift */; };
		2754539C2AE306B20005B310 /* LeagueDetailsCoordinator.swift in Sources */ = {isa = PBXBuildFile; fileRef = 2754539B2AE306B20005B310 /* LeagueDetailsCoordinator.swift */; };
		2754539F2AE307830005B310 /* LeagueDetailsViewModel.swift in Sources */ = {isa = PBXBuildFile; fileRef = 2754539E2AE307830005B310 /* LeagueDetailsViewModel.swift */; };
		275453AC2AE30A760005B310 /* LeagueDetailsUsecase.swift in Sources */ = {isa = PBXBuildFile; fileRef = 275453AB2AE30A760005B310 /* LeagueDetailsUsecase.swift */; };
		275453AF2AE30AFA0005B310 /* LeagueDetailsRepository.swift in Sources */ = {isa = PBXBuildFile; fileRef = 275453AE2AE30AFA0005B310 /* LeagueDetailsRepository.swift */; };
		275453B32AE33EEA0005B310 /* LeaguesViewModel.swift in Sources */ = {isa = PBXBuildFile; fileRef = 275453B02AE33EEA0005B310 /* LeaguesViewModel.swift */; };
		275453B42AE33EEA0005B310 /* LeagueViewModelInput.swift in Sources */ = {isa = PBXBuildFile; fileRef = 275453B12AE33EEA0005B310 /* LeagueViewModelInput.swift */; };
		275453B52AE33EEA0005B310 /* LeagueviewModelOutput.swift in Sources */ = {isa = PBXBuildFile; fileRef = 275453B22AE33EEA0005B310 /* LeagueviewModelOutput.swift */; };
		275453C12AE349860005B310 /* LeagueHeaderView.swift in Sources */ = {isa = PBXBuildFile; fileRef = 275453C02AE349860005B310 /* LeagueHeaderView.swift */; };
		275453C32AE349BE0005B310 /* LeagueHeaderView.xib in Resources */ = {isa = PBXBuildFile; fileRef = 275453C22AE349BE0005B310 /* LeagueHeaderView.xib */; };
		275453C52AE350450005B310 /* LeaguesViewModelParams.swift in Sources */ = {isa = PBXBuildFile; fileRef = 275453C42AE350450005B310 /* LeaguesViewModelParams.swift */; };
		275453CB2AE35C550005B310 /* TeamsCell.swift in Sources */ = {isa = PBXBuildFile; fileRef = 275453C92AE35C550005B310 /* TeamsCell.swift */; };
		275453CC2AE35C550005B310 /* TeamsCell.xib in Resources */ = {isa = PBXBuildFile; fileRef = 275453CA2AE35C550005B310 /* TeamsCell.xib */; };
		2769859C2AE56BD600E06597 /* TeamRepository.swift in Sources */ = {isa = PBXBuildFile; fileRef = 2769859B2AE56BD600E06597 /* TeamRepository.swift */; };
		276985A02AE5744A00E06597 /* TeamDetailsViewDataModel.swift in Sources */ = {isa = PBXBuildFile; fileRef = 2769859F2AE5744A00E06597 /* TeamDetailsViewDataModel.swift */; };
		276985A32AE5A45D00E06597 /* StringExtension.swift in Sources */ = {isa = PBXBuildFile; fileRef = 276985A22AE5A45D00E06597 /* StringExtension.swift */; };
		276E652F2AE38068000319CE /* LeaguesDetailsViewDataModel.swift in Sources */ = {isa = PBXBuildFile; fileRef = 276E652E2AE38068000319CE /* LeaguesDetailsViewDataModel.swift */; };
		276F712B2AE6AC1100B4D7D6 /* FakeJsonDecoder.swift in Sources */ = {isa = PBXBuildFile; fileRef = 276F712A2AE6AC1100B4D7D6 /* FakeJsonDecoder.swift */; };
		276F71312AE6AC6C00B4D7D6 /* Legues_usecase.swift in Sources */ = {isa = PBXBuildFile; fileRef = 276F71302AE6AC6C00B4D7D6 /* Legues_usecase.swift */; };
		276F71342AE6AC7A00B4D7D6 /* StubLeague.json in Resources */ = {isa = PBXBuildFile; fileRef = 276F71322AE6AC7900B4D7D6 /* StubLeague.json */; };
		276F71352AE6AC7A00B4D7D6 /* FakeLeaguesRepository.swift in Sources */ = {isa = PBXBuildFile; fileRef = 276F71332AE6AC7900B4D7D6 /* FakeLeaguesRepository.swift */; };
		276F71372AE6ACAA00B4D7D6 /* League_Details_usecase.swift in Sources */ = {isa = PBXBuildFile; fileRef = 276F71362AE6ACAA00B4D7D6 /* League_Details_usecase.swift */; };
		276F713B2AE6ACB700B4D7D6 /* StubLeagueDetails.json in Resources */ = {isa = PBXBuildFile; fileRef = 276F71392AE6ACB700B4D7D6 /* StubLeagueDetails.json */; };
		276F713C2AE6ACB700B4D7D6 /* FakeLeagueDetailsRepo.swift in Sources */ = {isa = PBXBuildFile; fileRef = 276F713A2AE6ACB700B4D7D6 /* FakeLeagueDetailsRepo.swift */; };
		276F713E2AE6ACC800B4D7D6 /* TeamDetails_Usecase.swift in Sources */ = {isa = PBXBuildFile; fileRef = 276F713D2AE6ACC800B4D7D6 /* TeamDetails_Usecase.swift */; };
		276F71422AE6ACD900B4D7D6 /* StubTeamDetails.json in Resources */ = {isa = PBXBuildFile; fileRef = 276F71402AE6ACD900B4D7D6 /* StubTeamDetails.json */; };
		276F71432AE6ACD900B4D7D6 /* FakeTeamDetialsRepo.swift in Sources */ = {isa = PBXBuildFile; fileRef = 276F71412AE6ACD900B4D7D6 /* FakeTeamDetialsRepo.swift */; };
		27B330422AE5406700178E61 /* GamesHeaderCell.swift in Sources */ = {isa = PBXBuildFile; fileRef = 27B330412AE5406700178E61 /* GamesHeaderCell.swift */; };
		27B330442AE5407800178E61 /* GamesHeaderCell.xib in Resources */ = {isa = PBXBuildFile; fileRef = 27B330432AE5407800178E61 /* GamesHeaderCell.xib */; };
		27B330472AE541D800178E61 /* LeagueDetailsViewController.xib in Resources */ = {isa = PBXBuildFile; fileRef = 27B330452AE541D800178E61 /* LeagueDetailsViewController.xib */; };
		27B330482AE541D800178E61 /* LeagueDetailsViewController.swift in Sources */ = {isa = PBXBuildFile; fileRef = 27B330462AE541D800178E61 /* LeagueDetailsViewController.swift */; };
		27B3304A2AE5484400178E61 /* TeamViewModelParam.swift in Sources */ = {isa = PBXBuildFile; fileRef = 27B330492AE5484400178E61 /* TeamViewModelParam.swift */; };
		27B3304C2AE54DED00178E61 /* TeamDetailsDataModel.swift in Sources */ = {isa = PBXBuildFile; fileRef = 27B3304B2AE54DED00178E61 /* TeamDetailsDataModel.swift */; };
		27B4B94E2AE461100099C1D0 /* UIColor.swift in Sources */ = {isa = PBXBuildFile; fileRef = 27B4B94D2AE461100099C1D0 /* UIColor.swift */; };
		27B4B9512AE466100099C1D0 /* WebViewController.swift in Sources */ = {isa = PBXBuildFile; fileRef = 27B4B9502AE466100099C1D0 /* WebViewController.swift */; };
		27B4B9532AE466870099C1D0 /* WebViewCoordinator.swift in Sources */ = {isa = PBXBuildFile; fileRef = 27B4B9522AE466870099C1D0 /* WebViewCoordinator.swift */; };
		27BC78E12AE13DEF00480A44 /* UIView+Animate.swift in Sources */ = {isa = PBXBuildFile; fileRef = 27BC78E02AE13DEF00480A44 /* UIView+Animate.swift */; };
		27BC78E42AE1434B00480A44 /* LeaguesCoordinator.swift in Sources */ = {isa = PBXBuildFile; fileRef = 27BC78E32AE1434B00480A44 /* LeaguesCoordinator.swift */; };
		27BC78E82AE156C600480A44 /* CoreDataStack.swift in Sources */ = {isa = PBXBuildFile; fileRef = 27BC78E72AE156C600480A44 /* CoreDataStack.swift */; };
		27BC78EA2AE1602700480A44 /* CoreDataManager.swift in Sources */ = {isa = PBXBuildFile; fileRef = 27BC78E92AE1602700480A44 /* CoreDataManager.swift */; };
		27BCAB7C2AE25A1600A8A10F /* SDWebImage in Frameworks */ = {isa = PBXBuildFile; productRef = 27BCAB7B2AE25A1600A8A10F /* SDWebImage */; };
		27BCAB7E2AE25A2900A8A10F /* SDWebImage in Frameworks */ = {isa = PBXBuildFile; productRef = 27BCAB7D2AE25A2900A8A10F /* SDWebImage */; };
		27BEEEBC2AE1E3BE008F90CD /* LocalEntityType.swift in Sources */ = {isa = PBXBuildFile; fileRef = 27BEEEBB2AE1E3BE008F90CD /* LocalEntityType.swift */; };
		27CCD6182AE5FFB600F3F24D /* UIPaddingLabel.swift in Sources */ = {isa = PBXBuildFile; fileRef = 27CCD6172AE5FFB600F3F24D /* UIPaddingLabel.swift */; };
		27CCD6212AE625C800F3F24D /* TeamsHeaderCell.xib in Resources */ = {isa = PBXBuildFile; fileRef = 27CCD6202AE625C800F3F24D /* TeamsHeaderCell.xib */; };
		27CCD6232AE625DF00F3F24D /* TeamsHeaderCell.swift in Sources */ = {isa = PBXBuildFile; fileRef = 27CCD6222AE625DF00F3F24D /* TeamsHeaderCell.swift */; };
		27CCD6262AE62E8C00F3F24D /* start.json in Resources */ = {isa = PBXBuildFile; fileRef = 27CCD6252AE62E8C00F3F24D /* start.json */; };
		27CCD6292AE62ED800F3F24D /* Lottie in Frameworks */ = {isa = PBXBuildFile; productRef = 27CCD6282AE62ED800F3F24D /* Lottie */; };
		27CCD62C2AE62FF400F3F24D /* LaunchScreen.swift in Sources */ = {isa = PBXBuildFile; fileRef = 27CCD62A2AE62FF400F3F24D /* LaunchScreen.swift */; };
		27CCD62D2AE62FF400F3F24D /* LaunchScreen.xib in Resources */ = {isa = PBXBuildFile; fileRef = 27CCD62B2AE62FF400F3F24D /* LaunchScreen.xib */; };
		27CCD6302AE6302400F3F24D /* LaunchScreenCoordinator.swift in Sources */ = {isa = PBXBuildFile; fileRef = 27CCD62F2AE6302400F3F24D /* LaunchScreenCoordinator.swift */; };
		27F436D12AE487C800C52601 /* TeamDetailsViewController.swift in Sources */ = {isa = PBXBuildFile; fileRef = 27F436CF2AE487C800C52601 /* TeamDetailsViewController.swift */; };
		27F436D22AE487C800C52601 /* TeamDetailsViewController.xib in Resources */ = {isa = PBXBuildFile; fileRef = 27F436D02AE487C800C52601 /* TeamDetailsViewController.xib */; };
		27F436D42AE4885800C52601 /* TeamsCoordinator.swift in Sources */ = {isa = PBXBuildFile; fileRef = 27F436D32AE4885800C52601 /* TeamsCoordinator.swift */; };
		27F436D92AE49A1100C52601 /* TeamViewModel.swift in Sources */ = {isa = PBXBuildFile; fileRef = 27F436D82AE49A1100C52601 /* TeamViewModel.swift */; };
		27F436DC2AE4B0FC00C52601 /* TeamUsecase.swift in Sources */ = {isa = PBXBuildFile; fileRef = 27F436DB2AE4B0FC00C52601 /* TeamUsecase.swift */; };
		27F436E42AE4C36E00C52601 /* TeamHeaderView.xib in Resources */ = {isa = PBXBuildFile; fileRef = 27F436E32AE4C36E00C52601 /* TeamHeaderView.xib */; };
		27F436E62AE4C43800C52601 /* TeamHeaderView.swift in Sources */ = {isa = PBXBuildFile; fileRef = 27F436E52AE4C43800C52601 /* TeamHeaderView.swift */; };
		27F436EA2AE4CB0F00C52601 /* GameCell.swift in Sources */ = {isa = PBXBuildFile; fileRef = 27F436E82AE4CB0F00C52601 /* GameCell.swift */; };
		27F436EB2AE4CB0F00C52601 /* GameCell.xib in Resources */ = {isa = PBXBuildFile; fileRef = 27F436E92AE4CB0F00C52601 /* GameCell.xib */; };
/* End PBXBuildFile section */

/* Begin PBXContainerItemProxy section */
		27BCAB752AE259BB00A8A10F /* PBXContainerItemProxy */ = {
			isa = PBXContainerItemProxy;
			containerPortal = 271EC3AA2ADDBB450029B86C /* Project object */;
			proxyType = 1;
			remoteGlobalIDString = 271EC3B12ADDBB450029B86C;
			remoteInfo = "Football-Leagues";
		};
/* End PBXContainerItemProxy section */

/* Begin PBXFileReference section */
		270339812ADEB5F2009655E3 /* LeaguesViewController.swift */ = {isa = PBXFileReference; lastKnownFileType = sourcecode.swift; path = LeaguesViewController.swift; sourceTree = "<group>"; };
		270339822ADEB5F2009655E3 /* LeaguesViewController.xib */ = {isa = PBXFileReference; lastKnownFileType = file.xib; path = LeaguesViewController.xib; sourceTree = "<group>"; };
		271EC3B22ADDBB450029B86C /* Football-Leagues.app */ = {isa = PBXFileReference; explicitFileType = wrapper.application; includeInIndex = 0; path = "Football-Leagues.app"; sourceTree = BUILT_PRODUCTS_DIR; };
		271EC3B52ADDBB450029B86C /* AppDelegate.swift */ = {isa = PBXFileReference; lastKnownFileType = sourcecode.swift; path = AppDelegate.swift; sourceTree = "<group>"; };
		271EC3B72ADDBB450029B86C /* SceneDelegate.swift */ = {isa = PBXFileReference; lastKnownFileType = sourcecode.swift; path = SceneDelegate.swift; sourceTree = "<group>"; };
		271EC3BF2ADDBB450029B86C /* Football_Leagues.xcdatamodel */ = {isa = PBXFileReference; lastKnownFileType = wrapper.xcdatamodel; path = Football_Leagues.xcdatamodel; sourceTree = "<group>"; };
		271EC3C12ADDBB460029B86C /* Assets.xcassets */ = {isa = PBXFileReference; lastKnownFileType = folder.assetcatalog; path = Assets.xcassets; sourceTree = "<group>"; };
		271EC3C62ADDBB460029B86C /* Info.plist */ = {isa = PBXFileReference; lastKnownFileType = text.plist.xml; path = Info.plist; sourceTree = "<group>"; };
		271EC3F22ADDBFAD0029B86C /* AppCoordinator.swift */ = {isa = PBXFileReference; lastKnownFileType = sourcecode.swift; path = AppCoordinator.swift; sourceTree = "<group>"; };
		271EC4152ADDF9A30029B86C /* LeaguesUsecase.swift */ = {isa = PBXFileReference; lastKnownFileType = sourcecode.swift; path = LeaguesUsecase.swift; sourceTree = "<group>"; };
		271EC4172ADDFE3C0029B86C /* APIClient.swift */ = {isa = PBXFileReference; lastKnownFileType = sourcecode.swift; path = APIClient.swift; sourceTree = "<group>"; };
		271EC4192ADDFED00029B86C /* EndPoint.swift */ = {isa = PBXFileReference; lastKnownFileType = sourcecode.swift; path = EndPoint.swift; sourceTree = "<group>"; };
		271EC41B2ADDFF630029B86C /* HTTPMethods.swift */ = {isa = PBXFileReference; lastKnownFileType = sourcecode.swift; path = HTTPMethods.swift; sourceTree = "<group>"; };
		271EC41D2ADDFFAD0029B86C /* ParameterEncoding.swift */ = {isa = PBXFileReference; lastKnownFileType = sourcecode.swift; path = ParameterEncoding.swift; sourceTree = "<group>"; };
		271EC41F2ADE01380029B86C /* NetworkError.swift */ = {isa = PBXFileReference; lastKnownFileType = sourcecode.swift; path = NetworkError.swift; sourceTree = "<group>"; };
		271EC4232ADE02210029B86C /* LeaguesEndPoints.swift */ = {isa = PBXFileReference; lastKnownFileType = sourcecode.swift; path = LeaguesEndPoints.swift; sourceTree = "<group>"; };
		271EC4252ADE04D00029B86C /* AppConfiguration.swift */ = {isa = PBXFileReference; lastKnownFileType = sourcecode.swift; path = AppConfiguration.swift; sourceTree = "<group>"; };
		271EC42C2ADE8AF50029B86C /* RepositoryInterface.swift */ = {isa = PBXFileReference; lastKnownFileType = sourcecode.swift; path = RepositoryInterface.swift; sourceTree = "<group>"; };
		271EC4302ADE8E0E0029B86C /* LeaguesDataModel.swift */ = {isa = PBXFileReference; lastKnownFileType = sourcecode.swift; path = LeaguesDataModel.swift; sourceTree = "<group>"; };
		271EC4322ADE92510029B86C /* AppRepository.swift */ = {isa = PBXFileReference; lastKnownFileType = sourcecode.swift; path = AppRepository.swift; sourceTree = "<group>"; };
		271EC4342ADE94490029B86C /* LocalRepository.swift */ = {isa = PBXFileReference; lastKnownFileType = sourcecode.swift; path = LocalRepository.swift; sourceTree = "<group>"; };
		271EC4362ADE94620029B86C /* RemoteRepository.swift */ = {isa = PBXFileReference; lastKnownFileType = sourcecode.swift; path = RemoteRepository.swift; sourceTree = "<group>"; };
		271EC43B2ADE9B1A0029B86C /* LeaguesRepository.swift */ = {isa = PBXFileReference; lastKnownFileType = sourcecode.swift; path = LeaguesRepository.swift; sourceTree = "<group>"; };
		271EC4402ADE9F310029B86C /* Connectivity.swift */ = {isa = PBXFileReference; lastKnownFileType = sourcecode.swift; path = Connectivity.swift; sourceTree = "<group>"; };
		2740B25A2ADEC2E500379194 /* LeagueCell.swift */ = {isa = PBXFileReference; lastKnownFileType = sourcecode.swift; path = LeagueCell.swift; sourceTree = "<group>"; };
		2740B25B2ADEC2E500379194 /* LeagueCell.xib */ = {isa = PBXFileReference; lastKnownFileType = file.xib; path = LeagueCell.xib; sourceTree = "<group>"; };
		2740B25F2ADEC34800379194 /* NibLoadable.swift */ = {isa = PBXFileReference; lastKnownFileType = sourcecode.swift; path = NibLoadable.swift; sourceTree = "<group>"; };
		2740B2612ADEC37400379194 /* ReusableView.swift */ = {isa = PBXFileReference; lastKnownFileType = sourcecode.swift; path = ReusableView.swift; sourceTree = "<group>"; };
		2740B2632ADEEAB700379194 /* UIViewController.swift */ = {isa = PBXFileReference; lastKnownFileType = sourcecode.swift; path = UIViewController.swift; sourceTree = "<group>"; };
		2740B2652ADEF0C800379194 /* ActivityIndicator.swift */ = {isa = PBXFileReference; lastKnownFileType = sourcecode.swift; path = ActivityIndicator.swift; sourceTree = "<group>"; };
		2740B2682ADEF8DF00379194 /* LeaguesViewDataModel.swift */ = {isa = PBXFileReference; lastKnownFileType = sourcecode.swift; path = LeaguesViewDataModel.swift; sourceTree = "<group>"; };
		2740B2792ADF557A00379194 /* TeamsDataModel.swift */ = {isa = PBXFileReference; lastKnownFileType = sourcecode.swift; path = TeamsDataModel.swift; sourceTree = "<group>"; };
		2740B27B2ADF569D00379194 /* TeamDataModel.swift */ = {isa = PBXFileReference; lastKnownFileType = sourcecode.swift; path = TeamDataModel.swift; sourceTree = "<group>"; };
		2740B27D2ADFABEB00379194 /* CustomDomainError.swift */ = {isa = PBXFileReference; lastKnownFileType = sourcecode.swift; path = CustomDomainError.swift; sourceTree = "<group>"; };
		2754539B2AE306B20005B310 /* LeagueDetailsCoordinator.swift */ = {isa = PBXFileReference; lastKnownFileType = sourcecode.swift; path = LeagueDetailsCoordinator.swift; sourceTree = "<group>"; };
		2754539E2AE307830005B310 /* LeagueDetailsViewModel.swift */ = {isa = PBXFileReference; lastKnownFileType = sourcecode.swift; path = LeagueDetailsViewModel.swift; sourceTree = "<group>"; };
		275453AB2AE30A760005B310 /* LeagueDetailsUsecase.swift */ = {isa = PBXFileReference; lastKnownFileType = sourcecode.swift; path = LeagueDetailsUsecase.swift; sourceTree = "<group>"; };
		275453AE2AE30AFA0005B310 /* LeagueDetailsRepository.swift */ = {isa = PBXFileReference; lastKnownFileType = sourcecode.swift; path = LeagueDetailsRepository.swift; sourceTree = "<group>"; };
		275453B02AE33EEA0005B310 /* LeaguesViewModel.swift */ = {isa = PBXFileReference; fileEncoding = 4; lastKnownFileType = sourcecode.swift; path = LeaguesViewModel.swift; sourceTree = "<group>"; };
		275453B12AE33EEA0005B310 /* LeagueViewModelInput.swift */ = {isa = PBXFileReference; fileEncoding = 4; lastKnownFileType = sourcecode.swift; path = LeagueViewModelInput.swift; sourceTree = "<group>"; };
		275453B22AE33EEA0005B310 /* LeagueviewModelOutput.swift */ = {isa = PBXFileReference; fileEncoding = 4; lastKnownFileType = sourcecode.swift; path = LeagueviewModelOutput.swift; sourceTree = "<group>"; };
		275453C02AE349860005B310 /* LeagueHeaderView.swift */ = {isa = PBXFileReference; lastKnownFileType = sourcecode.swift; path = LeagueHeaderView.swift; sourceTree = "<group>"; };
		275453C22AE349BE0005B310 /* LeagueHeaderView.xib */ = {isa = PBXFileReference; lastKnownFileType = file.xib; path = LeagueHeaderView.xib; sourceTree = "<group>"; };
		275453C42AE350450005B310 /* LeaguesViewModelParams.swift */ = {isa = PBXFileReference; lastKnownFileType = sourcecode.swift; path = LeaguesViewModelParams.swift; sourceTree = "<group>"; };
		275453C92AE35C550005B310 /* TeamsCell.swift */ = {isa = PBXFileReference; lastKnownFileType = sourcecode.swift; path = TeamsCell.swift; sourceTree = "<group>"; };
		275453CA2AE35C550005B310 /* TeamsCell.xib */ = {isa = PBXFileReference; lastKnownFileType = file.xib; path = TeamsCell.xib; sourceTree = "<group>"; };
		2769859B2AE56BD600E06597 /* TeamRepository.swift */ = {isa = PBXFileReference; fileEncoding = 4; lastKnownFileType = sourcecode.swift; path = TeamRepository.swift; sourceTree = "<group>"; };
		2769859F2AE5744A00E06597 /* TeamDetailsViewDataModel.swift */ = {isa = PBXFileReference; lastKnownFileType = sourcecode.swift; path = TeamDetailsViewDataModel.swift; sourceTree = "<group>"; };
		276985A22AE5A45D00E06597 /* StringExtension.swift */ = {isa = PBXFileReference; lastKnownFileType = sourcecode.swift; path = StringExtension.swift; sourceTree = "<group>"; };
		276E652E2AE38068000319CE /* LeaguesDetailsViewDataModel.swift */ = {isa = PBXFileReference; lastKnownFileType = sourcecode.swift; path = LeaguesDetailsViewDataModel.swift; sourceTree = "<group>"; };
		276F712A2AE6AC1100B4D7D6 /* FakeJsonDecoder.swift */ = {isa = PBXFileReference; lastKnownFileType = sourcecode.swift; path = FakeJsonDecoder.swift; sourceTree = "<group>"; };
		276F71302AE6AC6C00B4D7D6 /* Legues_usecase.swift */ = {isa = PBXFileReference; fileEncoding = 4; lastKnownFileType = sourcecode.swift; path = Legues_usecase.swift; sourceTree = "<group>"; };
		276F71322AE6AC7900B4D7D6 /* StubLeague.json */ = {isa = PBXFileReference; fileEncoding = 4; lastKnownFileType = text.json; path = StubLeague.json; sourceTree = "<group>"; };
		276F71332AE6AC7900B4D7D6 /* FakeLeaguesRepository.swift */ = {isa = PBXFileReference; fileEncoding = 4; lastKnownFileType = sourcecode.swift; path = FakeLeaguesRepository.swift; sourceTree = "<group>"; };
		276F71362AE6ACAA00B4D7D6 /* League_Details_usecase.swift */ = {isa = PBXFileReference; fileEncoding = 4; lastKnownFileType = sourcecode.swift; path = League_Details_usecase.swift; sourceTree = "<group>"; };
		276F71392AE6ACB700B4D7D6 /* StubLeagueDetails.json */ = {isa = PBXFileReference; fileEncoding = 4; lastKnownFileType = text.json; path = StubLeagueDetails.json; sourceTree = "<group>"; };
		276F713A2AE6ACB700B4D7D6 /* FakeLeagueDetailsRepo.swift */ = {isa = PBXFileReference; fileEncoding = 4; lastKnownFileType = sourcecode.swift; path = FakeLeagueDetailsRepo.swift; sourceTree = "<group>"; };
		276F713D2AE6ACC800B4D7D6 /* TeamDetails_Usecase.swift */ = {isa = PBXFileReference; fileEncoding = 4; lastKnownFileType = sourcecode.swift; path = TeamDetails_Usecase.swift; sourceTree = "<group>"; };
		276F71402AE6ACD900B4D7D6 /* StubTeamDetails.json */ = {isa = PBXFileReference; fileEncoding = 4; lastKnownFileType = text.json; path = StubTeamDetails.json; sourceTree = "<group>"; };
		276F71412AE6ACD900B4D7D6 /* FakeTeamDetialsRepo.swift */ = {isa = PBXFileReference; fileEncoding = 4; lastKnownFileType = sourcecode.swift; path = FakeTeamDetialsRepo.swift; sourceTree = "<group>"; };
		27B330412AE5406700178E61 /* GamesHeaderCell.swift */ = {isa = PBXFileReference; lastKnownFileType = sourcecode.swift; path = GamesHeaderCell.swift; sourceTree = "<group>"; };
		27B330432AE5407800178E61 /* GamesHeaderCell.xib */ = {isa = PBXFileReference; lastKnownFileType = file.xib; path = GamesHeaderCell.xib; sourceTree = "<group>"; };
		27B330452AE541D800178E61 /* LeagueDetailsViewController.xib */ = {isa = PBXFileReference; fileEncoding = 4; lastKnownFileType = file.xib; path = LeagueDetailsViewController.xib; sourceTree = "<group>"; };
		27B330462AE541D800178E61 /* LeagueDetailsViewController.swift */ = {isa = PBXFileReference; fileEncoding = 4; lastKnownFileType = sourcecode.swift; path = LeagueDetailsViewController.swift; sourceTree = "<group>"; };
		27B330492AE5484400178E61 /* TeamViewModelParam.swift */ = {isa = PBXFileReference; lastKnownFileType = sourcecode.swift; path = TeamViewModelParam.swift; sourceTree = "<group>"; };
		27B3304B2AE54DED00178E61 /* TeamDetailsDataModel.swift */ = {isa = PBXFileReference; fileEncoding = 4; lastKnownFileType = sourcecode.swift; path = TeamDetailsDataModel.swift; sourceTree = "<group>"; };
		27B4B94D2AE461100099C1D0 /* UIColor.swift */ = {isa = PBXFileReference; lastKnownFileType = sourcecode.swift; path = UIColor.swift; sourceTree = "<group>"; };
		27B4B9502AE466100099C1D0 /* WebViewController.swift */ = {isa = PBXFileReference; lastKnownFileType = sourcecode.swift; path = WebViewController.swift; sourceTree = "<group>"; };
		27B4B9522AE466870099C1D0 /* WebViewCoordinator.swift */ = {isa = PBXFileReference; lastKnownFileType = sourcecode.swift; path = WebViewCoordinator.swift; sourceTree = "<group>"; };
		27BC78E02AE13DEF00480A44 /* UIView+Animate.swift */ = {isa = PBXFileReference; lastKnownFileType = sourcecode.swift; path = "UIView+Animate.swift"; sourceTree = "<group>"; };
		27BC78E32AE1434B00480A44 /* LeaguesCoordinator.swift */ = {isa = PBXFileReference; lastKnownFileType = sourcecode.swift; path = LeaguesCoordinator.swift; sourceTree = "<group>"; };
		27BC78E72AE156C600480A44 /* CoreDataStack.swift */ = {isa = PBXFileReference; lastKnownFileType = sourcecode.swift; path = CoreDataStack.swift; sourceTree = "<group>"; };
		27BC78E92AE1602700480A44 /* CoreDataManager.swift */ = {isa = PBXFileReference; lastKnownFileType = sourcecode.swift; path = CoreDataManager.swift; sourceTree = "<group>"; };
		27BCAB712AE259BB00A8A10F /* Football-LeaguesTests.xctest */ = {isa = PBXFileReference; explicitFileType = wrapper.cfbundle; includeInIndex = 0; path = "Football-LeaguesTests.xctest"; sourceTree = BUILT_PRODUCTS_DIR; };
		27BEEEBB2AE1E3BE008F90CD /* LocalEntityType.swift */ = {isa = PBXFileReference; lastKnownFileType = sourcecode.swift; path = LocalEntityType.swift; sourceTree = "<group>"; };
		27CCD6172AE5FFB600F3F24D /* UIPaddingLabel.swift */ = {isa = PBXFileReference; lastKnownFileType = sourcecode.swift; path = UIPaddingLabel.swift; sourceTree = "<group>"; };
		27CCD6202AE625C800F3F24D /* TeamsHeaderCell.xib */ = {isa = PBXFileReference; lastKnownFileType = file.xib; path = TeamsHeaderCell.xib; sourceTree = "<group>"; };
		27CCD6222AE625DF00F3F24D /* TeamsHeaderCell.swift */ = {isa = PBXFileReference; lastKnownFileType = sourcecode.swift; path = TeamsHeaderCell.swift; sourceTree = "<group>"; };
		27CCD6252AE62E8C00F3F24D /* start.json */ = {isa = PBXFileReference; fileEncoding = 4; lastKnownFileType = text.json; path = start.json; sourceTree = "<group>"; };
		27CCD62A2AE62FF400F3F24D /* LaunchScreen.swift */ = {isa = PBXFileReference; lastKnownFileType = sourcecode.swift; path = LaunchScreen.swift; sourceTree = "<group>"; };
		27CCD62B2AE62FF400F3F24D /* LaunchScreen.xib */ = {isa = PBXFileReference; lastKnownFileType = file.xib; path = LaunchScreen.xib; sourceTree = "<group>"; };
		27CCD62F2AE6302400F3F24D /* LaunchScreenCoordinator.swift */ = {isa = PBXFileReference; lastKnownFileType = sourcecode.swift; path = LaunchScreenCoordinator.swift; sourceTree = "<group>"; };
		27F436CF2AE487C800C52601 /* TeamDetailsViewController.swift */ = {isa = PBXFileReference; lastKnownFileType = sourcecode.swift; path = TeamDetailsViewController.swift; sourceTree = "<group>"; };
		27F436D02AE487C800C52601 /* TeamDetailsViewController.xib */ = {isa = PBXFileReference; lastKnownFileType = file.xib; path = TeamDetailsViewController.xib; sourceTree = "<group>"; };
		27F436D32AE4885800C52601 /* TeamsCoordinator.swift */ = {isa = PBXFileReference; lastKnownFileType = sourcecode.swift; path = TeamsCoordinator.swift; sourceTree = "<group>"; };
		27F436D82AE49A1100C52601 /* TeamViewModel.swift */ = {isa = PBXFileReference; lastKnownFileType = sourcecode.swift; path = TeamViewModel.swift; sourceTree = "<group>"; };
		27F436DB2AE4B0FC00C52601 /* TeamUsecase.swift */ = {isa = PBXFileReference; lastKnownFileType = sourcecode.swift; path = TeamUsecase.swift; sourceTree = "<group>"; };
		27F436E32AE4C36E00C52601 /* TeamHeaderView.xib */ = {isa = PBXFileReference; lastKnownFileType = file.xib; path = TeamHeaderView.xib; sourceTree = "<group>"; };
		27F436E52AE4C43800C52601 /* TeamHeaderView.swift */ = {isa = PBXFileReference; lastKnownFileType = sourcecode.swift; path = TeamHeaderView.swift; sourceTree = "<group>"; };
		27F436E82AE4CB0F00C52601 /* GameCell.swift */ = {isa = PBXFileReference; lastKnownFileType = sourcecode.swift; path = GameCell.swift; sourceTree = "<group>"; };
		27F436E92AE4CB0F00C52601 /* GameCell.xib */ = {isa = PBXFileReference; lastKnownFileType = file.xib; path = GameCell.xib; sourceTree = "<group>"; };
/* End PBXFileReference section */

/* Begin PBXFrameworksBuildPhase section */
		271EC3AF2ADDBB450029B86C /* Frameworks */ = {
			isa = PBXFrameworksBuildPhase;
			buildActionMask = 2147483647;
			files = (
				27BCAB7C2AE25A1600A8A10F /* SDWebImage in Frameworks */,
				27CCD6292AE62ED800F3F24D /* Lottie in Frameworks */,
			);
			runOnlyForDeploymentPostprocessing = 0;
		};
		27BCAB6E2AE259BB00A8A10F /* Frameworks */ = {
			isa = PBXFrameworksBuildPhase;
			buildActionMask = 2147483647;
			files = (
				27BCAB7E2AE25A2900A8A10F /* SDWebImage in Frameworks */,
			);
			runOnlyForDeploymentPostprocessing = 0;
		};
/* End PBXFrameworksBuildPhase section */

/* Begin PBXGroup section */
		271EC3A92ADDBB450029B86C = {
			isa = PBXGroup;
			children = (
				271EC3B42ADDBB450029B86C /* Football-Leagues */,
				27BCAB722AE259BB00A8A10F /* Football-LeaguesTests */,
				271EC3B32ADDBB450029B86C /* Products */,
				27AD423B2AE2104400F62C8C /* Frameworks */,
			);
			sourceTree = "<group>";
		};
		271EC3B32ADDBB450029B86C /* Products */ = {
			isa = PBXGroup;
			children = (
				271EC3B22ADDBB450029B86C /* Football-Leagues.app */,
				27BCAB712AE259BB00A8A10F /* Football-LeaguesTests.xctest */,
			);
			name = Products;
			sourceTree = "<group>";
		};
		271EC3B42ADDBB450029B86C /* Football-Leagues */ = {
			isa = PBXGroup;
			children = (
				271EC3E82ADDBD3C0029B86C /* Application */,
				271EC3EA2ADDBD9C0029B86C /* Data Layer */,
				271EC3EB2ADDBDA10029B86C /* Domain Layer */,
				271EC3EC2ADDBDA50029B86C /* Presentation Layer */,
				271EC3C62ADDBB460029B86C /* Info.plist */,
				271EC3C12ADDBB460029B86C /* Assets.xcassets */,
				27CCD6252AE62E8C00F3F24D /* start.json */,
				271EC3BE2ADDBB450029B86C /* Football_Leagues.xcdatamodeld */,
			);
			path = "Football-Leagues";
			sourceTree = "<group>";
		};
		271EC3E82ADDBD3C0029B86C /* Application */ = {
			isa = PBXGroup;
			children = (
				271EC43D2ADE9EDD0029B86C /* Common */,
				271EC3B52ADDBB450029B86C /* AppDelegate.swift */,
				271EC3B72ADDBB450029B86C /* SceneDelegate.swift */,
				271EC4252ADE04D00029B86C /* AppConfiguration.swift */,
			);
			path = Application;
			sourceTree = "<group>";
		};
		271EC3EA2ADDBD9C0029B86C /* Data Layer */ = {
			isa = PBXGroup;
			children = (
				271EC4112ADDF6870029B86C /* Network */,
				27BC78E52AE151F300480A44 /* LocalStorage */,
				271EC4132ADDF6920029B86C /* Repository */,
			);
			path = "Data Layer";
			sourceTree = "<group>";
		};
		271EC3EB2ADDBDA10029B86C /* Domain Layer */ = {
			isa = PBXGroup;
			children = (
				271EC4102ADDF60A0029B86C /* Entity */,
				271EC40F2ADDF6030029B86C /* Usecase */,
				271EC40E2ADDF5F80029B86C /* Interface */,
			);
			path = "Domain Layer";
			sourceTree = "<group>";
		};
		271EC3EC2ADDBDA50029B86C /* Presentation Layer */ = {
			isa = PBXGroup;
			children = (
				271EC3F12ADDBF940029B86C /* AppCoordinator */,
				27BC78E22AE142AC00480A44 /* UIModel */,
				271EC3F02ADDBF580029B86C /* Scenes */,
			);
			path = "Presentation Layer";
			sourceTree = "<group>";
		};
		271EC3EE2ADDBF240029B86C /* LeaguesScene */ = {
			isa = PBXGroup;
			children = (
				271EC3F42ADDC0A40029B86C /* LeaguesView */,
				275453A02AE308420005B310 /* LeagueViewModel */,
				27BC78E32AE1434B00480A44 /* LeaguesCoordinator.swift */,
			);
			path = LeaguesScene;
			sourceTree = "<group>";
		};
		271EC3EF2ADDBF4F0029B86C /* LaunchScreen */ = {
			isa = PBXGroup;
			children = (
				27CCD62E2AE62FFD00F3F24D /* View */,
				27CCD62F2AE6302400F3F24D /* LaunchScreenCoordinator.swift */,
			);
			path = LaunchScreen;
			sourceTree = "<group>";
		};
		271EC3F02ADDBF580029B86C /* Scenes */ = {
			isa = PBXGroup;
			children = (
				271EC3EF2ADDBF4F0029B86C /* LaunchScreen */,
				271EC3EE2ADDBF240029B86C /* LeaguesScene */,
				271EC4062ADDE6990029B86C /* LeaguesDetailsScene */,
				27F436CC2AE4875100C52601 /* TeamScene */,
				27B4B94F2AE465E30099C1D0 /* WebKitScene */,
			);
			path = Scenes;
			sourceTree = "<group>";
		};
		271EC3F12ADDBF940029B86C /* AppCoordinator */ = {
			isa = PBXGroup;
			children = (
				271EC3F22ADDBFAD0029B86C /* AppCoordinator.swift */,
			);
			path = AppCoordinator;
			sourceTree = "<group>";
		};
		271EC3F42ADDC0A40029B86C /* LeaguesView */ = {
			isa = PBXGroup;
			children = (
				271EC4422ADEB2DE0029B86C /* VC */,
				2740B2592ADEC2C300379194 /* Cell */,
			);
			path = LeaguesView;
			sourceTree = "<group>";
		};
		271EC4062ADDE6990029B86C /* LeaguesDetailsScene */ = {
			isa = PBXGroup;
			children = (
				271EC4072ADDE6A70029B86C /* LeagueDetailsView */,
				275453A52AE308BF0005B310 /* LeagueDetailsViewModel */,
				2754539B2AE306B20005B310 /* LeagueDetailsCoordinator.swift */,
			);
			path = LeaguesDetailsScene;
			sourceTree = "<group>";
		};
		271EC4072ADDE6A70029B86C /* LeagueDetailsView */ = {
			isa = PBXGroup;
			children = (
				275453B72AE345240005B310 /* Cell */,
				275453B62AE3451C0005B310 /* VC */,
			);
			path = LeagueDetailsView;
			sourceTree = "<group>";
		};
		271EC40E2ADDF5F80029B86C /* Interface */ = {
			isa = PBXGroup;
			children = (
				271EC42C2ADE8AF50029B86C /* RepositoryInterface.swift */,
			);
			path = Interface;
			sourceTree = "<group>";
		};
		271EC40F2ADDF6030029B86C /* Usecase */ = {
			isa = PBXGroup;
			children = (
				271EC4142ADDF98F0029B86C /* Leagues */,
				275453AA2AE30A560005B310 /* LeagueDetails */,
				27F436DA2AE4B0E200C52601 /* SingleTeam */,
			);
			path = Usecase;
			sourceTree = "<group>";
		};
		271EC4102ADDF60A0029B86C /* Entity */ = {
			isa = PBXGroup;
			children = (
				2740B2762ADF539A00379194 /* Custom */,
				271EC42E2ADE8B920029B86C /* Codable */,
			);
			path = Entity;
			sourceTree = "<group>";
		};
		271EC4112ADDF6870029B86C /* Network */ = {
			isa = PBXGroup;
			children = (
				271EC4212ADE02020029B86C /* Network */,
				271EC4222ADE02120029B86C /* EndPoints */,
			);
			path = Network;
			sourceTree = "<group>";
		};
		271EC4132ADDF6920029B86C /* Repository */ = {
			isa = PBXGroup;
			children = (
				271EC4392ADE9AB70029B86C /* Shared */,
				271EC43A2ADE9AC10029B86C /* Repositories */,
				2769859D2AE56BDB00E06597 /* GamesRepository */,
			);
			path = Repository;
			sourceTree = "<group>";
		};
		271EC4142ADDF98F0029B86C /* Leagues */ = {
			isa = PBXGroup;
			children = (
				271EC4152ADDF9A30029B86C /* LeaguesUsecase.swift */,
			);
			path = Leagues;
			sourceTree = "<group>";
		};
		271EC4212ADE02020029B86C /* Network */ = {
			isa = PBXGroup;
			children = (
				271EC4172ADDFE3C0029B86C /* APIClient.swift */,
				271EC4192ADDFED00029B86C /* EndPoint.swift */,
				271EC41B2ADDFF630029B86C /* HTTPMethods.swift */,
				271EC41D2ADDFFAD0029B86C /* ParameterEncoding.swift */,
				271EC41F2ADE01380029B86C /* NetworkError.swift */,
			);
			path = Network;
			sourceTree = "<group>";
		};
		271EC4222ADE02120029B86C /* EndPoints */ = {
			isa = PBXGroup;
			children = (
				271EC4232ADE02210029B86C /* LeaguesEndPoints.swift */,
			);
			path = EndPoints;
			sourceTree = "<group>";
		};
		271EC42A2ADE8AE00029B86C /* Local */ = {
			isa = PBXGroup;
			children = (
				271EC4342ADE94490029B86C /* LocalRepository.swift */,
			);
			path = Local;
			sourceTree = "<group>";
		};
		271EC42B2ADE8AE30029B86C /* Remote */ = {
			isa = PBXGroup;
			children = (
				271EC4362ADE94620029B86C /* RemoteRepository.swift */,
			);
			path = Remote;
			sourceTree = "<group>";
		};
		271EC42E2ADE8B920029B86C /* Codable */ = {
			isa = PBXGroup;
			children = (
				271EC4302ADE8E0E0029B86C /* LeaguesDataModel.swift */,
				2740B2792ADF557A00379194 /* TeamsDataModel.swift */,
				27B3304B2AE54DED00178E61 /* TeamDetailsDataModel.swift */,
				2740B27B2ADF569D00379194 /* TeamDataModel.swift */,
			);
			path = Codable;
			sourceTree = "<group>";
		};
		271EC4382ADE94890029B86C /* Interface */ = {
			isa = PBXGroup;
			children = (
				271EC4322ADE92510029B86C /* AppRepository.swift */,
			);
			path = Interface;
			sourceTree = "<group>";
		};
		271EC4392ADE9AB70029B86C /* Shared */ = {
			isa = PBXGroup;
			children = (
				271EC4382ADE94890029B86C /* Interface */,
				271EC42B2ADE8AE30029B86C /* Remote */,
				271EC42A2ADE8AE00029B86C /* Local */,
			);
			path = Shared;
			sourceTree = "<group>";
		};
		271EC43A2ADE9AC10029B86C /* Repositories */ = {
			isa = PBXGroup;
			children = (
				27AD42402AE213C500F62C8C /* LeagueRepository */,
				275453AD2AE30AE30005B310 /* LeagueDetailsRepository */,
			);
			path = Repositories;
			sourceTree = "<group>";
		};
		271EC43D2ADE9EDD0029B86C /* Common */ = {
			isa = PBXGroup;
			children = (
				271EC43F2ADE9F1A0029B86C /* Utility */,
				271EC43E2ADE9EF00029B86C /* Extensions */,
			);
			path = Common;
			sourceTree = "<group>";
		};
		271EC43E2ADE9EF00029B86C /* Extensions */ = {
			isa = PBXGroup;
			children = (
				276985A42AE5ACAE00E06597 /* Datatypes */,
				2740B25E2ADEC32D00379194 /* UI */,
			);
			path = Extensions;
			sourceTree = "<group>";
		};
		271EC43F2ADE9F1A0029B86C /* Utility */ = {
			isa = PBXGroup;
			children = (
				271EC4402ADE9F310029B86C /* Connectivity.swift */,
				2740B2652ADEF0C800379194 /* ActivityIndicator.swift */,
			);
			path = Utility;
			sourceTree = "<group>";
		};
		271EC4422ADEB2DE0029B86C /* VC */ = {
			isa = PBXGroup;
			children = (
				270339812ADEB5F2009655E3 /* LeaguesViewController.swift */,
				270339822ADEB5F2009655E3 /* LeaguesViewController.xib */,
			);
			path = VC;
			sourceTree = "<group>";
		};
		2740B2592ADEC2C300379194 /* Cell */ = {
			isa = PBXGroup;
			children = (
				2740B25A2ADEC2E500379194 /* LeagueCell.swift */,
				2740B25B2ADEC2E500379194 /* LeagueCell.xib */,
			);
			path = Cell;
			sourceTree = "<group>";
		};
		2740B25E2ADEC32D00379194 /* UI */ = {
			isa = PBXGroup;
			children = (
				2740B25F2ADEC34800379194 /* NibLoadable.swift */,
				2740B2612ADEC37400379194 /* ReusableView.swift */,
				2740B2632ADEEAB700379194 /* UIViewController.swift */,
				27BC78E02AE13DEF00480A44 /* UIView+Animate.swift */,
				27B4B94D2AE461100099C1D0 /* UIColor.swift */,
				27CCD6172AE5FFB600F3F24D /* UIPaddingLabel.swift */,
			);
			path = UI;
			sourceTree = "<group>";
		};
		2740B2762ADF539A00379194 /* Custom */ = {
			isa = PBXGroup;
			children = (
				2740B27D2ADFABEB00379194 /* CustomDomainError.swift */,
				27BEEEBB2AE1E3BE008F90CD /* LocalEntityType.swift */,
			);
			path = Custom;
			sourceTree = "<group>";
		};
		2754538E2AE2DD610005B310 /* Leagues */ = {
			isa = PBXGroup;
			children = (
				276F712A2AE6AC1100B4D7D6 /* FakeJsonDecoder.swift */,
				276F712D2AE6AC2F00B4D7D6 /* League */,
				276F712C2AE6AC2A00B4D7D6 /* LeagueDetails */,
				276F712E2AE6AC3100B4D7D6 /* TeamDetails */,
			);
			path = Leagues;
			sourceTree = "<group>";
		};
		275453A02AE308420005B310 /* LeagueViewModel */ = {
			isa = PBXGroup;
			children = (
				275453B02AE33EEA0005B310 /* LeaguesViewModel.swift */,
				275453B12AE33EEA0005B310 /* LeagueViewModelInput.swift */,
				275453B22AE33EEA0005B310 /* LeagueviewModelOutput.swift */,
			);
			path = LeagueViewModel;
			sourceTree = "<group>";
		};
		275453A52AE308BF0005B310 /* LeagueDetailsViewModel */ = {
			isa = PBXGroup;
			children = (
				2754539E2AE307830005B310 /* LeagueDetailsViewModel.swift */,
			);
			path = LeagueDetailsViewModel;
			sourceTree = "<group>";
		};
		275453AA2AE30A560005B310 /* LeagueDetails */ = {
			isa = PBXGroup;
			children = (
				275453AB2AE30A760005B310 /* LeagueDetailsUsecase.swift */,
			);
			path = LeagueDetails;
			sourceTree = "<group>";
		};
		275453AD2AE30AE30005B310 /* LeagueDetailsRepository */ = {
			isa = PBXGroup;
			children = (
				275453AE2AE30AFA0005B310 /* LeagueDetailsRepository.swift */,
			);
			path = LeagueDetailsRepository;
			sourceTree = "<group>";
		};
		275453B62AE3451C0005B310 /* VC */ = {
			isa = PBXGroup;
			children = (
				27B330462AE541D800178E61 /* LeagueDetailsViewController.swift */,
				27B330452AE541D800178E61 /* LeagueDetailsViewController.xib */,
			);
			path = VC;
			sourceTree = "<group>";
		};
		275453B72AE345240005B310 /* Cell */ = {
			isa = PBXGroup;
			children = (
				275453C82AE35BCF0005B310 /* TeamCell */,
				275453BD2AE349510005B310 /* LeagueHeader */,
				27CCD6192AE6235400F3F24D /* TeamsHeader */,
			);
			path = Cell;
			sourceTree = "<group>";
		};
		275453BD2AE349510005B310 /* LeagueHeader */ = {
			isa = PBXGroup;
			children = (
				275453C02AE349860005B310 /* LeagueHeaderView.swift */,
				275453C22AE349BE0005B310 /* LeagueHeaderView.xib */,
			);
			path = LeagueHeader;
			sourceTree = "<group>";
		};
		275453C62AE3504D0005B310 /* Leagues */ = {
			isa = PBXGroup;
			children = (
				2740B2682ADEF8DF00379194 /* LeaguesViewDataModel.swift */,
			);
			path = Leagues;
			sourceTree = "<group>";
		};
		275453C72AE350520005B310 /* LeagueDetails */ = {
			isa = PBXGroup;
			children = (
				275453C42AE350450005B310 /* LeaguesViewModelParams.swift */,
				276E652E2AE38068000319CE /* LeaguesDetailsViewDataModel.swift */,
				27B330492AE5484400178E61 /* TeamViewModelParam.swift */,
			);
			path = LeagueDetails;
			sourceTree = "<group>";
		};
		275453C82AE35BCF0005B310 /* TeamCell */ = {
			isa = PBXGroup;
			children = (
				275453C92AE35C550005B310 /* TeamsCell.swift */,
				275453CA2AE35C550005B310 /* TeamsCell.xib */,
			);
			path = TeamCell;
			sourceTree = "<group>";
		};
		2769859D2AE56BDB00E06597 /* GamesRepository */ = {
			isa = PBXGroup;
			children = (
				2769859B2AE56BD600E06597 /* TeamRepository.swift */,
			);
			path = GamesRepository;
			sourceTree = "<group>";
		};
		2769859E2AE5742800E06597 /* TeamDetails */ = {
			isa = PBXGroup;
			children = (
				2769859F2AE5744A00E06597 /* TeamDetailsViewDataModel.swift */,
			);
			path = TeamDetails;
			sourceTree = "<group>";
		};
		276985A42AE5ACAE00E06597 /* Datatypes */ = {
			isa = PBXGroup;
			children = (
				276985A22AE5A45D00E06597 /* StringExtension.swift */,
			);
			path = Datatypes;
			sourceTree = "<group>";
		};
		276F712C2AE6AC2A00B4D7D6 /* LeagueDetails */ = {
			isa = PBXGroup;
			children = (
				276F71382AE6ACAC00B4D7D6 /* Supporting */,
				276F71362AE6ACAA00B4D7D6 /* League_Details_usecase.swift */,
			);
			path = LeagueDetails;
			sourceTree = "<group>";
		};
		276F712D2AE6AC2F00B4D7D6 /* League */ = {
			isa = PBXGroup;
			children = (
				276F712F2AE6AC6000B4D7D6 /* Supporting */,
				276F71302AE6AC6C00B4D7D6 /* Legues_usecase.swift */,
			);
			path = League;
			sourceTree = "<group>";
		};
		276F712E2AE6AC3100B4D7D6 /* TeamDetails */ = {
			isa = PBXGroup;
			children = (
				276F713F2AE6ACCA00B4D7D6 /* Supporting */,
				276F713D2AE6ACC800B4D7D6 /* TeamDetails_Usecase.swift */,
			);
			path = TeamDetails;
			sourceTree = "<group>";
		};
		276F712F2AE6AC6000B4D7D6 /* Supporting */ = {
			isa = PBXGroup;
			children = (
				276F71332AE6AC7900B4D7D6 /* FakeLeaguesRepository.swift */,
				276F71322AE6AC7900B4D7D6 /* StubLeague.json */,
			);
			path = Supporting;
			sourceTree = "<group>";
		};
		276F71382AE6ACAC00B4D7D6 /* Supporting */ = {
			isa = PBXGroup;
			children = (
				276F713A2AE6ACB700B4D7D6 /* FakeLeagueDetailsRepo.swift */,
				276F71392AE6ACB700B4D7D6 /* StubLeagueDetails.json */,
			);
			path = Supporting;
			sourceTree = "<group>";
		};
		276F713F2AE6ACCA00B4D7D6 /* Supporting */ = {
			isa = PBXGroup;
			children = (
				276F71412AE6ACD900B4D7D6 /* FakeTeamDetialsRepo.swift */,
				276F71402AE6ACD900B4D7D6 /* StubTeamDetails.json */,
			);
			path = Supporting;
			sourceTree = "<group>";
		};
		27AD423B2AE2104400F62C8C /* Frameworks */ = {
			isa = PBXGroup;
			children = (
			);
			name = Frameworks;
			sourceTree = "<group>";
		};
		27AD42402AE213C500F62C8C /* LeagueRepository */ = {
			isa = PBXGroup;
			children = (
				271EC43B2ADE9B1A0029B86C /* LeaguesRepository.swift */,
			);
			path = LeagueRepository;
			sourceTree = "<group>";
		};
		27B3303B2AE53DF500178E61 /* GamesHeaderCell */ = {
			isa = PBXGroup;
			children = (
				27B330412AE5406700178E61 /* GamesHeaderCell.swift */,
				27B330432AE5407800178E61 /* GamesHeaderCell.xib */,
			);
			path = GamesHeaderCell;
			sourceTree = "<group>";
		};
		27B4B94F2AE465E30099C1D0 /* WebKitScene */ = {
			isa = PBXGroup;
			children = (
				27B4B9502AE466100099C1D0 /* WebViewController.swift */,
				27B4B9522AE466870099C1D0 /* WebViewCoordinator.swift */,
			);
			path = WebKitScene;
			sourceTree = "<group>";
		};
		27BC78E22AE142AC00480A44 /* UIModel */ = {
			isa = PBXGroup;
			children = (
				275453C62AE3504D0005B310 /* Leagues */,
				275453C72AE350520005B310 /* LeagueDetails */,
				2769859E2AE5742800E06597 /* TeamDetails */,
			);
			path = UIModel;
			sourceTree = "<group>";
		};
		27BC78E52AE151F300480A44 /* LocalStorage */ = {
			isa = PBXGroup;
			children = (
				27BC78E62AE156BC00480A44 /* CoreData */,
			);
			path = LocalStorage;
			sourceTree = "<group>";
		};
		27BC78E62AE156BC00480A44 /* CoreData */ = {
			isa = PBXGroup;
			children = (
				27BC78E72AE156C600480A44 /* CoreDataStack.swift */,
				27BC78E92AE1602700480A44 /* CoreDataManager.swift */,
			);
			path = CoreData;
			sourceTree = "<group>";
		};
		27BCAB722AE259BB00A8A10F /* Football-LeaguesTests */ = {
			isa = PBXGroup;
			children = (
				2754538E2AE2DD610005B310 /* Leagues */,
			);
			path = "Football-LeaguesTests";
			sourceTree = "<group>";
		};
		27CCD6192AE6235400F3F24D /* TeamsHeader */ = {
			isa = PBXGroup;
			children = (
				27CCD6202AE625C800F3F24D /* TeamsHeaderCell.xib */,
				27CCD6222AE625DF00F3F24D /* TeamsHeaderCell.swift */,
			);
			path = TeamsHeader;
			sourceTree = "<group>";
		};
		27CCD62E2AE62FFD00F3F24D /* View */ = {
			isa = PBXGroup;
			children = (
				27CCD62A2AE62FF400F3F24D /* LaunchScreen.swift */,
				27CCD62B2AE62FF400F3F24D /* LaunchScreen.xib */,
			);
			path = View;
			sourceTree = "<group>";
		};
		27F436CC2AE4875100C52601 /* TeamScene */ = {
			isa = PBXGroup;
			children = (
				27F436CD2AE4876C00C52601 /* TeamDetailsView */,
				27F436D72AE498B500C52601 /* TeamDetailsViewModel */,
				27F436D32AE4885800C52601 /* TeamsCoordinator.swift */,
			);
			path = TeamScene;
			sourceTree = "<group>";
		};
		27F436CD2AE4876C00C52601 /* TeamDetailsView */ = {
			isa = PBXGroup;
			children = (
				27F436E22AE4C34600C52601 /* Cell */,
				27F436CE2AE487A200C52601 /* VC */,
			);
			path = TeamDetailsView;
			sourceTree = "<group>";
		};
		27F436CE2AE487A200C52601 /* VC */ = {
			isa = PBXGroup;
			children = (
				27F436CF2AE487C800C52601 /* TeamDetailsViewController.swift */,
				27F436D02AE487C800C52601 /* TeamDetailsViewController.xib */,
			);
			path = VC;
			sourceTree = "<group>";
		};
		27F436D72AE498B500C52601 /* TeamDetailsViewModel */ = {
			isa = PBXGroup;
			children = (
				27F436D82AE49A1100C52601 /* TeamViewModel.swift */,
			);
			path = TeamDetailsViewModel;
			sourceTree = "<group>";
		};
		27F436DA2AE4B0E200C52601 /* SingleTeam */ = {
			isa = PBXGroup;
			children = (
				27F436DB2AE4B0FC00C52601 /* TeamUsecase.swift */,
			);
			path = SingleTeam;
			sourceTree = "<group>";
		};
		27F436E12AE4C2EA00C52601 /* HeaderView */ = {
			isa = PBXGroup;
			children = (
				27F436E32AE4C36E00C52601 /* TeamHeaderView.xib */,
				27F436E52AE4C43800C52601 /* TeamHeaderView.swift */,
			);
			path = HeaderView;
			sourceTree = "<group>";
		};
		27F436E22AE4C34600C52601 /* Cell */ = {
			isa = PBXGroup;
			children = (
				27B3303B2AE53DF500178E61 /* GamesHeaderCell */,
				27F436E12AE4C2EA00C52601 /* HeaderView */,
				27F436E72AE4CADA00C52601 /* GameCell */,
			);
			path = Cell;
			sourceTree = "<group>";
		};
		27F436E72AE4CADA00C52601 /* GameCell */ = {
			isa = PBXGroup;
			children = (
				27F436E82AE4CB0F00C52601 /* GameCell.swift */,
				27F436E92AE4CB0F00C52601 /* GameCell.xib */,
			);
			path = GameCell;
			sourceTree = "<group>";
		};
/* End PBXGroup section */

/* Begin PBXNativeTarget section */
		271EC3B12ADDBB450029B86C /* Football-Leagues */ = {
			isa = PBXNativeTarget;
			buildConfigurationList = 271EC3DF2ADDBB460029B86C /* Build configuration list for PBXNativeTarget "Football-Leagues" */;
			buildPhases = (
				271EC3AE2ADDBB450029B86C /* Sources */,
				271EC3AF2ADDBB450029B86C /* Frameworks */,
				271EC3B02ADDBB450029B86C /* Resources */,
			);
			buildRules = (
			);
			dependencies = (
			);
			name = "Football-Leagues";
			packageProductDependencies = (
				27BCAB7B2AE25A1600A8A10F /* SDWebImage */,
				27CCD6282AE62ED800F3F24D /* Lottie */,
			);
			productName = "Football-Leagues";
			productReference = 271EC3B22ADDBB450029B86C /* Football-Leagues.app */;
			productType = "com.apple.product-type.application";
		};
		27BCAB702AE259BB00A8A10F /* Football-LeaguesTests */ = {
			isa = PBXNativeTarget;
			buildConfigurationList = 27BCAB772AE259BB00A8A10F /* Build configuration list for PBXNativeTarget "Football-LeaguesTests" */;
			buildPhases = (
				27BCAB6D2AE259BB00A8A10F /* Sources */,
				27BCAB6E2AE259BB00A8A10F /* Frameworks */,
				27BCAB6F2AE259BB00A8A10F /* Resources */,
			);
			buildRules = (
			);
			dependencies = (
				27BCAB762AE259BB00A8A10F /* PBXTargetDependency */,
			);
			name = "Football-LeaguesTests";
			packageProductDependencies = (
				27BCAB7D2AE25A2900A8A10F /* SDWebImage */,
			);
			productName = "Football-LeaguesTests";
			productReference = 27BCAB712AE259BB00A8A10F /* Football-LeaguesTests.xctest */;
			productType = "com.apple.product-type.bundle.unit-test";
		};
/* End PBXNativeTarget section */

/* Begin PBXProject section */
		271EC3AA2ADDBB450029B86C /* Project object */ = {
			isa = PBXProject;
			attributes = {
				BuildIndependentTargetsInParallel = 1;
				LastSwiftUpdateCheck = 1430;
				LastUpgradeCheck = 1430;
				TargetAttributes = {
					271EC3B12ADDBB450029B86C = {
						CreatedOnToolsVersion = 14.3.1;
					};
					27BCAB702AE259BB00A8A10F = {
						CreatedOnToolsVersion = 14.3.1;
						TestTargetID = 271EC3B12ADDBB450029B86C;
					};
				};
			};
			buildConfigurationList = 271EC3AD2ADDBB450029B86C /* Build configuration list for PBXProject "Football-Leagues" */;
			compatibilityVersion = "Xcode 14.0";
			developmentRegion = en;
			hasScannedForEncodings = 0;
			knownRegions = (
				en,
				Base,
			);
			mainGroup = 271EC3A92ADDBB450029B86C;
			packageReferences = (
				2740B26F2ADF499D00379194 /* XCRemoteSwiftPackageReference "SDWebImage" */,
				27CCD6272AE62ED800F3F24D /* XCRemoteSwiftPackageReference "lottie-ios" */,
			);
			productRefGroup = 271EC3B32ADDBB450029B86C /* Products */;
			projectDirPath = "";
			projectRoot = "";
			targets = (
				271EC3B12ADDBB450029B86C /* Football-Leagues */,
				27BCAB702AE259BB00A8A10F /* Football-LeaguesTests */,
			);
		};
/* End PBXProject section */

/* Begin PBXResourcesBuildPhase section */
		271EC3B02ADDBB450029B86C /* Resources */ = {
			isa = PBXResourcesBuildPhase;
			buildActionMask = 2147483647;
			files = (
				275453CC2AE35C550005B310 /* TeamsCell.xib in Resources */,
				27F436EB2AE4CB0F00C52601 /* GameCell.xib in Resources */,
				27CCD6262AE62E8C00F3F24D /* start.json in Resources */,
				275453C32AE349BE0005B310 /* LeagueHeaderView.xib in Resources */,
				27CCD6212AE625C800F3F24D /* TeamsHeaderCell.xib in Resources */,
				27F436E42AE4C36E00C52601 /* TeamHeaderView.xib in Resources */,
				271EC3C22ADDBB460029B86C /* Assets.xcassets in Resources */,
				270339842ADEB5F2009655E3 /* LeaguesViewController.xib in Resources */,
				27B330472AE541D800178E61 /* LeagueDetailsViewController.xib in Resources */,
				27CCD62D2AE62FF400F3F24D /* LaunchScreen.xib in Resources */,
				2740B25D2ADEC2E500379194 /* LeagueCell.xib in Resources */,
				27B330442AE5407800178E61 /* GamesHeaderCell.xib in Resources */,
				27F436D22AE487C800C52601 /* TeamDetailsViewController.xib in Resources */,
			);
			runOnlyForDeploymentPostprocessing = 0;
		};
		27BCAB6F2AE259BB00A8A10F /* Resources */ = {
			isa = PBXResourcesBuildPhase;
			buildActionMask = 2147483647;
			files = (
				276F71342AE6AC7A00B4D7D6 /* StubLeague.json in Resources */,
				276F71422AE6ACD900B4D7D6 /* StubTeamDetails.json in Resources */,
				276F713B2AE6ACB700B4D7D6 /* StubLeagueDetails.json in Resources */,
			);
			runOnlyForDeploymentPostprocessing = 0;
		};
/* End PBXResourcesBuildPhase section */

/* Begin PBXSourcesBuildPhase section */
		271EC3AE2ADDBB450029B86C /* Sources */ = {
			isa = PBXSourcesBuildPhase;
			buildActionMask = 2147483647;
			files = (
				27BC78E82AE156C600480A44 /* CoreDataStack.swift in Sources */,
				271EC3F32ADDBFAD0029B86C /* AppCoordinator.swift in Sources */,
				27CCD62C2AE62FF400F3F24D /* LaunchScreen.swift in Sources */,
				2740B27C2ADF569D00379194 /* TeamDataModel.swift in Sources */,
				271EC4372ADE94620029B86C /* RemoteRepository.swift in Sources */,
				271EC4202ADE01380029B86C /* NetworkError.swift in Sources */,
				271EC43C2ADE9B1A0029B86C /* LeaguesRepository.swift in Sources */,
				27BC78EA2AE1602700480A44 /* CoreDataManager.swift in Sources */,
				275453C52AE350450005B310 /* LeaguesViewModelParams.swift in Sources */,
				27B3304C2AE54DED00178E61 /* TeamDetailsDataModel.swift in Sources */,
				271EC4242ADE02210029B86C /* LeaguesEndPoints.swift in Sources */,
				27F436D12AE487C800C52601 /* TeamDetailsViewController.swift in Sources */,
				27CCD6302AE6302400F3F24D /* LaunchScreenCoordinator.swift in Sources */,
				271EC4182ADDFE3C0029B86C /* APIClient.swift in Sources */,
				271EC4312ADE8E0E0029B86C /* LeaguesDataModel.swift in Sources */,
				271EC41A2ADDFED00029B86C /* EndPoint.swift in Sources */,
				2754539C2AE306B20005B310 /* LeagueDetailsCoordinator.swift in Sources */,
				27F436D42AE4885800C52601 /* TeamsCoordinator.swift in Sources */,
				27B4B9532AE466870099C1D0 /* WebViewCoordinator.swift in Sources */,
				2740B2692ADEF8DF00379194 /* LeaguesViewDataModel.swift in Sources */,
				27F436DC2AE4B0FC00C52601 /* TeamUsecase.swift in Sources */,
				2769859C2AE56BD600E06597 /* TeamRepository.swift in Sources */,
				2740B2602ADEC34800379194 /* NibLoadable.swift in Sources */,
				271EC3C02ADDBB450029B86C /* Football_Leagues.xcdatamodeld in Sources */,
				276985A02AE5744A00E06597 /* TeamDetailsViewDataModel.swift in Sources */,
				27B4B94E2AE461100099C1D0 /* UIColor.swift in Sources */,
				275453AC2AE30A760005B310 /* LeagueDetailsUsecase.swift in Sources */,
				27B330482AE541D800178E61 /* LeagueDetailsViewController.swift in Sources */,
				275453CB2AE35C550005B310 /* TeamsCell.swift in Sources */,
				2740B2622ADEC37400379194 /* ReusableView.swift in Sources */,
				27F436E62AE4C43800C52601 /* TeamHeaderView.swift in Sources */,
				27CCD6232AE625DF00F3F24D /* TeamsHeaderCell.swift in Sources */,
				275453B52AE33EEA0005B310 /* LeagueviewModelOutput.swift in Sources */,
				2740B27A2ADF557A00379194 /* TeamsDataModel.swift in Sources */,
				271EC4332ADE92510029B86C /* AppRepository.swift in Sources */,
				2740B25C2ADEC2E500379194 /* LeagueCell.swift in Sources */,
				275453B32AE33EEA0005B310 /* LeaguesViewModel.swift in Sources */,
				27CCD6182AE5FFB600F3F24D /* UIPaddingLabel.swift in Sources */,
				27F436D92AE49A1100C52601 /* TeamViewModel.swift in Sources */,
				27BEEEBC2AE1E3BE008F90CD /* LocalEntityType.swift in Sources */,
				271EC4412ADE9F310029B86C /* Connectivity.swift in Sources */,
				2740B27E2ADFABEB00379194 /* CustomDomainError.swift in Sources */,
				2754539F2AE307830005B310 /* LeagueDetailsViewModel.swift in Sources */,
				275453B42AE33EEA0005B310 /* LeagueViewModelInput.swift in Sources */,
				275453AF2AE30AFA0005B310 /* LeagueDetailsRepository.swift in Sources */,
				271EC4352ADE94490029B86C /* LocalRepository.swift in Sources */,
				275453C12AE349860005B310 /* LeagueHeaderView.swift in Sources */,
				2740B2662ADEF0C800379194 /* ActivityIndicator.swift in Sources */,
				27F436EA2AE4CB0F00C52601 /* GameCell.swift in Sources */,
				27B330422AE5406700178E61 /* GamesHeaderCell.swift in Sources */,
				271EC41E2ADDFFAD0029B86C /* ParameterEncoding.swift in Sources */,
				271EC4262ADE04D00029B86C /* AppConfiguration.swift in Sources */,
				276985A32AE5A45D00E06597 /* StringExtension.swift in Sources */,
				271EC41C2ADDFF630029B86C /* HTTPMethods.swift in Sources */,
				2740B2642ADEEAB700379194 /* UIViewController.swift in Sources */,
				27BC78E42AE1434B00480A44 /* LeaguesCoordinator.swift in Sources */,
				271EC42D2ADE8AF50029B86C /* RepositoryInterface.swift in Sources */,
				27BC78E12AE13DEF00480A44 /* UIView+Animate.swift in Sources */,
				27B3304A2AE5484400178E61 /* TeamViewModelParam.swift in Sources */,
				270339832ADEB5F2009655E3 /* LeaguesViewController.swift in Sources */,
				27B4B9512AE466100099C1D0 /* WebViewController.swift in Sources */,
				271EC3B62ADDBB450029B86C /* AppDelegate.swift in Sources */,
				276E652F2AE38068000319CE /* LeaguesDetailsViewDataModel.swift in Sources */,
				271EC4162ADDF9A30029B86C /* LeaguesUsecase.swift in Sources */,
				271EC3B82ADDBB450029B86C /* SceneDelegate.swift in Sources */,
			);
			runOnlyForDeploymentPostprocessing = 0;
		};
		27BCAB6D2AE259BB00A8A10F /* Sources */ = {
			isa = PBXSourcesBuildPhase;
			buildActionMask = 2147483647;
			files = (
				276F71352AE6AC7A00B4D7D6 /* FakeLeaguesRepository.swift in Sources */,
				276F71432AE6ACD900B4D7D6 /* FakeTeamDetialsRepo.swift in Sources */,
				276F713E2AE6ACC800B4D7D6 /* TeamDetails_Usecase.swift in Sources */,
				276F71312AE6AC6C00B4D7D6 /* Legues_usecase.swift in Sources */,
				276F713C2AE6ACB700B4D7D6 /* FakeLeagueDetailsRepo.swift in Sources */,
				276F712B2AE6AC1100B4D7D6 /* FakeJsonDecoder.swift in Sources */,
				276F71372AE6ACAA00B4D7D6 /* League_Details_usecase.swift in Sources */,
			);
			runOnlyForDeploymentPostprocessing = 0;
		};
/* End PBXSourcesBuildPhase section */

/* Begin PBXTargetDependency section */
		27BCAB762AE259BB00A8A10F /* PBXTargetDependency */ = {
			isa = PBXTargetDependency;
			target = 271EC3B12ADDBB450029B86C /* Football-Leagues */;
			targetProxy = 27BCAB752AE259BB00A8A10F /* PBXContainerItemProxy */;
		};
/* End PBXTargetDependency section */

/* Begin XCBuildConfiguration section */
		271EC3DD2ADDBB460029B86C /* Debug */ = {
			isa = XCBuildConfiguration;
			buildSettings = {
				ALWAYS_SEARCH_USER_PATHS = NO;
				CLANG_ANALYZER_NONNULL = YES;
				CLANG_ANALYZER_NUMBER_OBJECT_CONVERSION = YES_AGGRESSIVE;
				CLANG_CXX_LANGUAGE_STANDARD = "gnu++20";
				CLANG_ENABLE_MODULES = YES;
				CLANG_ENABLE_OBJC_ARC = YES;
				CLANG_ENABLE_OBJC_WEAK = YES;
				CLANG_WARN_BLOCK_CAPTURE_AUTORELEASING = YES;
				CLANG_WARN_BOOL_CONVERSION = YES;
				CLANG_WARN_COMMA = YES;
				CLANG_WARN_CONSTANT_CONVERSION = YES;
				CLANG_WARN_DEPRECATED_OBJC_IMPLEMENTATIONS = YES;
				CLANG_WARN_DIRECT_OBJC_ISA_USAGE = YES_ERROR;
				CLANG_WARN_DOCUMENTATION_COMMENTS = YES;
				CLANG_WARN_EMPTY_BODY = YES;
				CLANG_WARN_ENUM_CONVERSION = YES;
				CLANG_WARN_INFINITE_RECURSION = YES;
				CLANG_WARN_INT_CONVERSION = YES;
				CLANG_WARN_NON_LITERAL_NULL_CONVERSION = YES;
				CLANG_WARN_OBJC_IMPLICIT_RETAIN_SELF = YES;
				CLANG_WARN_OBJC_LITERAL_CONVERSION = YES;
				CLANG_WARN_OBJC_ROOT_CLASS = YES_ERROR;
				CLANG_WARN_QUOTED_INCLUDE_IN_FRAMEWORK_HEADER = YES;
				CLANG_WARN_RANGE_LOOP_ANALYSIS = YES;
				CLANG_WARN_STRICT_PROTOTYPES = YES;
				CLANG_WARN_SUSPICIOUS_MOVE = YES;
				CLANG_WARN_UNGUARDED_AVAILABILITY = YES_AGGRESSIVE;
				CLANG_WARN_UNREACHABLE_CODE = YES;
				CLANG_WARN__DUPLICATE_METHOD_MATCH = YES;
				COPY_PHASE_STRIP = NO;
				DEBUG_INFORMATION_FORMAT = dwarf;
				ENABLE_STRICT_OBJC_MSGSEND = YES;
				ENABLE_TESTABILITY = YES;
				GCC_C_LANGUAGE_STANDARD = gnu11;
				GCC_DYNAMIC_NO_PIC = NO;
				GCC_NO_COMMON_BLOCKS = YES;
				GCC_OPTIMIZATION_LEVEL = 0;
				GCC_PREPROCESSOR_DEFINITIONS = (
					"DEBUG=1",
					"$(inherited)",
				);
				GCC_WARN_64_TO_32_BIT_CONVERSION = YES;
				GCC_WARN_ABOUT_RETURN_TYPE = YES_ERROR;
				GCC_WARN_UNDECLARED_SELECTOR = YES;
				GCC_WARN_UNINITIALIZED_AUTOS = YES_AGGRESSIVE;
				GCC_WARN_UNUSED_FUNCTION = YES;
				GCC_WARN_UNUSED_VARIABLE = YES;
				IPHONEOS_DEPLOYMENT_TARGET = 14.0;
				MTL_ENABLE_DEBUG_INFO = INCLUDE_SOURCE;
				MTL_FAST_MATH = YES;
				ONLY_ACTIVE_ARCH = YES;
				SDKROOT = iphoneos;
				SWIFT_ACTIVE_COMPILATION_CONDITIONS = DEBUG;
				SWIFT_OPTIMIZATION_LEVEL = "-Onone";
			};
			name = Debug;
		};
		271EC3DE2ADDBB460029B86C /* Release */ = {
			isa = XCBuildConfiguration;
			buildSettings = {
				ALWAYS_SEARCH_USER_PATHS = NO;
				CLANG_ANALYZER_NONNULL = YES;
				CLANG_ANALYZER_NUMBER_OBJECT_CONVERSION = YES_AGGRESSIVE;
				CLANG_CXX_LANGUAGE_STANDARD = "gnu++20";
				CLANG_ENABLE_MODULES = YES;
				CLANG_ENABLE_OBJC_ARC = YES;
				CLANG_ENABLE_OBJC_WEAK = YES;
				CLANG_WARN_BLOCK_CAPTURE_AUTORELEASING = YES;
				CLANG_WARN_BOOL_CONVERSION = YES;
				CLANG_WARN_COMMA = YES;
				CLANG_WARN_CONSTANT_CONVERSION = YES;
				CLANG_WARN_DEPRECATED_OBJC_IMPLEMENTATIONS = YES;
				CLANG_WARN_DIRECT_OBJC_ISA_USAGE = YES_ERROR;
				CLANG_WARN_DOCUMENTATION_COMMENTS = YES;
				CLANG_WARN_EMPTY_BODY = YES;
				CLANG_WARN_ENUM_CONVERSION = YES;
				CLANG_WARN_INFINITE_RECURSION = YES;
				CLANG_WARN_INT_CONVERSION = YES;
				CLANG_WARN_NON_LITERAL_NULL_CONVERSION = YES;
				CLANG_WARN_OBJC_IMPLICIT_RETAIN_SELF = YES;
				CLANG_WARN_OBJC_LITERAL_CONVERSION = YES;
				CLANG_WARN_OBJC_ROOT_CLASS = YES_ERROR;
				CLANG_WARN_QUOTED_INCLUDE_IN_FRAMEWORK_HEADER = YES;
				CLANG_WARN_RANGE_LOOP_ANALYSIS = YES;
				CLANG_WARN_STRICT_PROTOTYPES = YES;
				CLANG_WARN_SUSPICIOUS_MOVE = YES;
				CLANG_WARN_UNGUARDED_AVAILABILITY = YES_AGGRESSIVE;
				CLANG_WARN_UNREACHABLE_CODE = YES;
				CLANG_WARN__DUPLICATE_METHOD_MATCH = YES;
				COPY_PHASE_STRIP = NO;
				DEBUG_INFORMATION_FORMAT = "dwarf-with-dsym";
				ENABLE_NS_ASSERTIONS = NO;
				ENABLE_STRICT_OBJC_MSGSEND = YES;
				GCC_C_LANGUAGE_STANDARD = gnu11;
				GCC_NO_COMMON_BLOCKS = YES;
				GCC_WARN_64_TO_32_BIT_CONVERSION = YES;
				GCC_WARN_ABOUT_RETURN_TYPE = YES_ERROR;
				GCC_WARN_UNDECLARED_SELECTOR = YES;
				GCC_WARN_UNINITIALIZED_AUTOS = YES_AGGRESSIVE;
				GCC_WARN_UNUSED_FUNCTION = YES;
				GCC_WARN_UNUSED_VARIABLE = YES;
				IPHONEOS_DEPLOYMENT_TARGET = 14.0;
				MTL_ENABLE_DEBUG_INFO = NO;
				MTL_FAST_MATH = YES;
				SDKROOT = iphoneos;
				SWIFT_COMPILATION_MODE = wholemodule;
				SWIFT_OPTIMIZATION_LEVEL = "-O";
				VALIDATE_PRODUCT = YES;
			};
			name = Release;
		};
		271EC3E02ADDBB460029B86C /* Debug */ = {
			isa = XCBuildConfiguration;
			buildSettings = {
				ASSETCATALOG_COMPILER_APPICON_NAME = AppIcon;
				ASSETCATALOG_COMPILER_GLOBAL_ACCENT_COLOR_NAME = AccentColor;
				CODE_SIGN_STYLE = Automatic;
				CURRENT_PROJECT_VERSION = 1;
				DEVELOPMENT_TEAM = B6A7UUWXVV;
				GENERATE_INFOPLIST_FILE = YES;
				INFOPLIST_FILE = "Football-Leagues/Info.plist";
				INFOPLIST_KEY_UIApplicationSupportsIndirectInputEvents = YES;
				INFOPLIST_KEY_UILaunchStoryboardName = LaunchScreen;
				INFOPLIST_KEY_UIMainStoryboardFile = "";
				INFOPLIST_KEY_UISupportedInterfaceOrientations_iPad = "UIInterfaceOrientationPortrait UIInterfaceOrientationPortraitUpsideDown UIInterfaceOrientationLandscapeLeft UIInterfaceOrientationLandscapeRight";
				INFOPLIST_KEY_UISupportedInterfaceOrientations_iPhone = "UIInterfaceOrientationPortrait UIInterfaceOrientationLandscapeLeft UIInterfaceOrientationLandscapeRight";
				INFOPLIST_KEY_UIUserInterfaceStyle = Dark;
				IPHONEOS_DEPLOYMENT_TARGET = 14.0;
				LD_RUNPATH_SEARCH_PATHS = (
					"$(inherited)",
					"@executable_path/Frameworks",
				);
				MARKETING_VERSION = 1.0;
				PRODUCT_BUNDLE_IDENTIFIER = "com.amin.Football-Leagues";
				PRODUCT_NAME = "$(TARGET_NAME)";
				SWIFT_EMIT_LOC_STRINGS = YES;
				SWIFT_VERSION = 5.0;
				TARGETED_DEVICE_FAMILY = "1,2";
			};
			name = Debug;
		};
		271EC3E12ADDBB460029B86C /* Release */ = {
			isa = XCBuildConfiguration;
			buildSettings = {
				ASSETCATALOG_COMPILER_APPICON_NAME = AppIcon;
				ASSETCATALOG_COMPILER_GLOBAL_ACCENT_COLOR_NAME = AccentColor;
				CODE_SIGN_STYLE = Automatic;
				CURRENT_PROJECT_VERSION = 1;
				DEVELOPMENT_TEAM = B6A7UUWXVV;
				GENERATE_INFOPLIST_FILE = YES;
				INFOPLIST_FILE = "Football-Leagues/Info.plist";
				INFOPLIST_KEY_UIApplicationSupportsIndirectInputEvents = YES;
				INFOPLIST_KEY_UILaunchStoryboardName = LaunchScreen;
				INFOPLIST_KEY_UIMainStoryboardFile = "";
				INFOPLIST_KEY_UISupportedInterfaceOrientations_iPad = "UIInterfaceOrientationPortrait UIInterfaceOrientationPortraitUpsideDown UIInterfaceOrientationLandscapeLeft UIInterfaceOrientationLandscapeRight";
				INFOPLIST_KEY_UISupportedInterfaceOrientations_iPhone = "UIInterfaceOrientationPortrait UIInterfaceOrientationLandscapeLeft UIInterfaceOrientationLandscapeRight";
				INFOPLIST_KEY_UIUserInterfaceStyle = Dark;
				IPHONEOS_DEPLOYMENT_TARGET = 14.0;
				LD_RUNPATH_SEARCH_PATHS = (
					"$(inherited)",
					"@executable_path/Frameworks",
				);
				MARKETING_VERSION = 1.0;
				PRODUCT_BUNDLE_IDENTIFIER = "com.amin.Football-Leagues";
				PRODUCT_NAME = "$(TARGET_NAME)";
				SWIFT_EMIT_LOC_STRINGS = YES;
				SWIFT_VERSION = 5.0;
				TARGETED_DEVICE_FAMILY = "1,2";
			};
			name = Release;
		};
		27BCAB782AE259BB00A8A10F /* Debug */ = {
			isa = XCBuildConfiguration;
			buildSettings = {
				BUNDLE_LOADER = "$(TEST_HOST)";
				CODE_SIGN_STYLE = Automatic;
				CURRENT_PROJECT_VERSION = 1;
				DEVELOPMENT_TEAM = B6A7UUWXVV;
				GENERATE_INFOPLIST_FILE = YES;
				IPHONEOS_DEPLOYMENT_TARGET = 16.4;
				MARKETING_VERSION = 1.0;
				PRODUCT_BUNDLE_IDENTIFIER = "com.amin.Football-LeaguesTests";
				PRODUCT_NAME = "$(TARGET_NAME)";
				SWIFT_EMIT_LOC_STRINGS = NO;
				SWIFT_VERSION = 5.0;
				TARGETED_DEVICE_FAMILY = "1,2";
				TEST_HOST = "$(BUILT_PRODUCTS_DIR)/Football-Leagues.app/$(BUNDLE_EXECUTABLE_FOLDER_PATH)/Football-Leagues";
			};
			name = Debug;
		};
		27BCAB792AE259BB00A8A10F /* Release */ = {
			isa = XCBuildConfiguration;
			buildSettings = {
				BUNDLE_LOADER = "$(TEST_HOST)";
				CODE_SIGN_STYLE = Automatic;
				CURRENT_PROJECT_VERSION = 1;
				DEVELOPMENT_TEAM = B6A7UUWXVV;
				GENERATE_INFOPLIST_FILE = YES;
				IPHONEOS_DEPLOYMENT_TARGET = 16.4;
				MARKETING_VERSION = 1.0;
				PRODUCT_BUNDLE_IDENTIFIER = "com.amin.Football-LeaguesTests";
				PRODUCT_NAME = "$(TARGET_NAME)";
				SWIFT_EMIT_LOC_STRINGS = NO;
				SWIFT_VERSION = 5.0;
				TARGETED_DEVICE_FAMILY = "1,2";
				TEST_HOST = "$(BUILT_PRODUCTS_DIR)/Football-Leagues.app/$(BUNDLE_EXECUTABLE_FOLDER_PATH)/Football-Leagues";
			};
			name = Release;
		};
/* End XCBuildConfiguration section */

/* Begin XCConfigurationList section */
		271EC3AD2ADDBB450029B86C /* Build configuration list for PBXProject "Football-Leagues" */ = {
			isa = XCConfigurationList;
			buildConfigurations = (
				271EC3DD2ADDBB460029B86C /* Debug */,
				271EC3DE2ADDBB460029B86C /* Release */,
			);
			defaultConfigurationIsVisible = 0;
			defaultConfigurationName = Release;
		};
		271EC3DF2ADDBB460029B86C /* Build configuration list for PBXNativeTarget "Football-Leagues" */ = {
			isa = XCConfigurationList;
			buildConfigurations = (
				271EC3E02ADDBB460029B86C /* Debug */,
				271EC3E12ADDBB460029B86C /* Release */,
			);
			defaultConfigurationIsVisible = 0;
			defaultConfigurationName = Release;
		};
		27BCAB772AE259BB00A8A10F /* Build configuration list for PBXNativeTarget "Football-LeaguesTests" */ = {
			isa = XCConfigurationList;
			buildConfigurations = (
				27BCAB782AE259BB00A8A10F /* Debug */,
				27BCAB792AE259BB00A8A10F /* Release */,
			);
			defaultConfigurationIsVisible = 0;
			defaultConfigurationName = Release;
		};
/* End XCConfigurationList section */

/* Begin XCRemoteSwiftPackageReference section */
		2740B26F2ADF499D00379194 /* XCRemoteSwiftPackageReference "SDWebImage" */ = {
			isa = XCRemoteSwiftPackageReference;
			repositoryURL = "https://github.com/SDWebImage/SDWebImage";
			requirement = {
				kind = upToNextMajorVersion;
				minimumVersion = 5.0.0;
			};
		};
		27CCD6272AE62ED800F3F24D /* XCRemoteSwiftPackageReference "lottie-ios" */ = {
			isa = XCRemoteSwiftPackageReference;
			repositoryURL = "https://github.com/airbnb/lottie-ios";
			requirement = {
				kind = upToNextMajorVersion;
				minimumVersion = 4.0.0;
			};
		};
/* End XCRemoteSwiftPackageReference section */

/* Begin XCSwiftPackageProductDependency section */
		27BCAB7B2AE25A1600A8A10F /* SDWebImage */ = {
			isa = XCSwiftPackageProductDependency;
			package = 2740B26F2ADF499D00379194 /* XCRemoteSwiftPackageReference "SDWebImage" */;
			productName = SDWebImage;
		};
		27BCAB7D2AE25A2900A8A10F /* SDWebImage */ = {
			isa = XCSwiftPackageProductDependency;
			package = 2740B26F2ADF499D00379194 /* XCRemoteSwiftPackageReference "SDWebImage" */;
			productName = SDWebImage;
		};
		27CCD6282AE62ED800F3F24D /* Lottie */ = {
			isa = XCSwiftPackageProductDependency;
			package = 27CCD6272AE62ED800F3F24D /* XCRemoteSwiftPackageReference "lottie-ios" */;
			productName = Lottie;
		};
/* End XCSwiftPackageProductDependency section */

/* Begin XCVersionGroup section */
		271EC3BE2ADDBB450029B86C /* Football_Leagues.xcdatamodeld */ = {
			isa = XCVersionGroup;
			children = (
				271EC3BF2ADDBB450029B86C /* Football_Leagues.xcdatamodel */,
			);
			currentVersion = 271EC3BF2ADDBB450029B86C /* Football_Leagues.xcdatamodel */;
			path = Football_Leagues.xcdatamodeld;
			sourceTree = "<group>";
			versionGroupType = wrapper.xcdatamodel;
		};
/* End XCVersionGroup section */
	};
	rootObject = 271EC3AA2ADDBB450029B86C /* Project object */;
}
